#MicroXplorer Configuration settings - do not modify
Bdma.Request0=SAI4_A
Bdma.Request1=SAI4_B
Bdma.Request2=SPI6_TX
Bdma.RequestsNb=3
Bdma.SAI4_A.0.Direction=DMA_MEMORY_TO_PERIPH
Bdma.SAI4_A.0.EventEnable=DISABLE
Bdma.SAI4_A.0.Instance=BDMA_Channel0
Bdma.SAI4_A.0.MemDataAlignment=DMA_MDATAALIGN_WORD
Bdma.SAI4_A.0.MemInc=DMA_MINC_ENABLE
Bdma.SAI4_A.0.Mode=DMA_CIRCULAR
Bdma.SAI4_A.0.PeriphDataAlignment=DMA_PDATAALIGN_WORD
Bdma.SAI4_A.0.PeriphInc=DMA_PINC_DISABLE
Bdma.SAI4_A.0.Polarity=HAL_DMAMUX_REQ_GEN_RISING
Bdma.SAI4_A.0.Priority=DMA_PRIORITY_VERY_HIGH
Bdma.SAI4_A.0.RequestNumber=1
Bdma.SAI4_A.0.RequestParameters=Instance,Direction,PeriphInc,MemInc,PeriphDataAlignment,MemDataAlignment,Mode,Priority,SignalID,Polarity,RequestNumber,SyncSignalID,SyncPolarity,SyncEnable,EventEnable,SyncRequestNumber
Bdma.SAI4_A.0.SignalID=NONE
Bdma.SAI4_A.0.SyncEnable=DISABLE
Bdma.SAI4_A.0.SyncPolarity=HAL_DMAMUX_SYNC_NO_EVENT
Bdma.SAI4_A.0.SyncRequestNumber=1
Bdma.SAI4_A.0.SyncSignalID=NONE
Bdma.SAI4_B.1.Direction=DMA_PERIPH_TO_MEMORY
Bdma.SAI4_B.1.EventEnable=DISABLE
Bdma.SAI4_B.1.Instance=BDMA_Channel1
Bdma.SAI4_B.1.MemDataAlignment=DMA_MDATAALIGN_WORD
Bdma.SAI4_B.1.MemInc=DMA_MINC_ENABLE
Bdma.SAI4_B.1.Mode=DMA_CIRCULAR
Bdma.SAI4_B.1.PeriphDataAlignment=DMA_PDATAALIGN_WORD
Bdma.SAI4_B.1.PeriphInc=DMA_PINC_DISABLE
Bdma.SAI4_B.1.Polarity=HAL_DMAMUX_REQ_GEN_RISING
Bdma.SAI4_B.1.Priority=DMA_PRIORITY_VERY_HIGH
Bdma.SAI4_B.1.RequestNumber=1
Bdma.SAI4_B.1.RequestParameters=Instance,Direction,PeriphInc,MemInc,PeriphDataAlignment,MemDataAlignment,Mode,Priority,SignalID,Polarity,RequestNumber,SyncSignalID,SyncPolarity,SyncEnable,EventEnable,SyncRequestNumber
Bdma.SAI4_B.1.SignalID=NONE
Bdma.SAI4_B.1.SyncEnable=DISABLE
Bdma.SAI4_B.1.SyncPolarity=HAL_DMAMUX_SYNC_NO_EVENT
Bdma.SAI4_B.1.SyncRequestNumber=1
Bdma.SAI4_B.1.SyncSignalID=NONE
Bdma.SPI6_TX.2.Direction=DMA_MEMORY_TO_PERIPH
Bdma.SPI6_TX.2.EventEnable=DISABLE
Bdma.SPI6_TX.2.Instance=BDMA_Channel2
Bdma.SPI6_TX.2.MemDataAlignment=DMA_MDATAALIGN_BYTE
Bdma.SPI6_TX.2.MemInc=DMA_MINC_ENABLE
Bdma.SPI6_TX.2.Mode=DMA_NORMAL
Bdma.SPI6_TX.2.PeriphDataAlignment=DMA_PDATAALIGN_BYTE
Bdma.SPI6_TX.2.PeriphInc=DMA_PINC_DISABLE
Bdma.SPI6_TX.2.Polarity=HAL_DMAMUX_REQ_GEN_RISING
Bdma.SPI6_TX.2.Priority=DMA_PRIORITY_LOW
Bdma.SPI6_TX.2.RequestNumber=1
Bdma.SPI6_TX.2.RequestParameters=Instance,Direction,PeriphInc,MemInc,PeriphDataAlignment,MemDataAlignment,Mode,Priority,SignalID,Polarity,RequestNumber,SyncSignalID,SyncPolarity,SyncEnable,EventEnable,SyncRequestNumber
Bdma.SPI6_TX.2.SignalID=NONE
Bdma.SPI6_TX.2.SyncEnable=DISABLE
Bdma.SPI6_TX.2.SyncPolarity=HAL_DMAMUX_SYNC_NO_EVENT
Bdma.SPI6_TX.2.SyncRequestNumber=1
Bdma.SPI6_TX.2.SyncSignalID=NONE
CortexM4.IPs=CORTEX_M4\:I,DEBUG,FATFS_M4\:I,FREERTOS_M4\:I,IWDG2\:I,OPENAMP_M4\:I,PDM2PCM_M4\:I,PWR,RCC,RESMGR_UTILITY,SYS_M4\:I,USB_DEVICE_M4\:I,USB_HOST_M4\:I,VREFBUF,WWDG2\:I,DMA,BDMA,MDMA,NVIC2\:I,UART5\:I,I2C1
CortexM7.IPs=CORTEX_M7\:I,DEBUG\:I,FATFS_M7\:I,FREERTOS_M7\:I,IWDG1\:I,OPENAMP_M7\:I,PDM2PCM_M7\:I,PWR\:I,RCC\:I,RESMGR_UTILITY\:I,SYS\:I,USB_DEVICE_M7\:I,USB_HOST_M7\:I,VREFBUF\:I,WWDG1\:I,DMA\:I,BDMA\:I,MDMA\:I,NVIC1\:I,FMC\:I,SAI4\:I,I2C1\:I,QUADSPI\:I,SPI1\:I,SPI2\:I,SPI6\:I,UART4\:I,USART1\:I
FMC.CASLatency1=FMC_SDRAM_CAS_LATENCY_3
FMC.IPParameters=CASLatency1
File.Version=6
GPIO.groupedBy=Group By Peripherals
I2C1.CustomTiming=Disabled
I2C1.I2C_Speed_Mode=I2C_Fast_Plus
I2C1.IPParameters=CustomTiming,I2C_Speed_Mode,Timing
I2C1.Timing=0x0050174F
KeepUserPlacement=false
Mcu.Context0=CortexM7
Mcu.Context1=CortexM4
Mcu.ContextNb=2
Mcu.Family=STM32H7
Mcu.IP0=BDMA
Mcu.IP1=CORTEX_M4
Mcu.IP10=RCC
Mcu.IP11=SAI4
Mcu.IP12=SPI1
Mcu.IP13=SPI2
Mcu.IP14=SPI6
Mcu.IP15=SYS
Mcu.IP16=SYS_M4
Mcu.IP17=UART4
Mcu.IP18=USART1
Mcu.IP2=CORTEX_M7
Mcu.IP3=DEBUG
Mcu.IP4=FMC
Mcu.IP5=I2C1
Mcu.IP6=MDMA
Mcu.IP7=NVIC1
Mcu.IP8=NVIC2
Mcu.IP9=QUADSPI
Mcu.IPNb=19
Mcu.Name=STM32H745IGTx
Mcu.Package=LQFP176
Mcu.Pin0=PE2
Mcu.Pin1=PE3
Mcu.Pin10=PF5
Mcu.Pin11=PF6
Mcu.Pin12=PF7
Mcu.Pin13=PF8
Mcu.Pin14=PF9
Mcu.Pin15=PF10
Mcu.Pin16=PH0-OSC_IN (PH0)
Mcu.Pin17=PH1-OSC_OUT (PH1)
Mcu.Pin18=PC0
Mcu.Pin19=PC2_C
Mcu.Pin2=PE4
Mcu.Pin20=PC3_C
Mcu.Pin21=PA0
Mcu.Pin22=PA4
Mcu.Pin23=PA5
Mcu.Pin24=PA6
Mcu.Pin25=PA7
Mcu.Pin26=PB0
Mcu.Pin27=PB1
Mcu.Pin28=PB2
Mcu.Pin29=PF11
Mcu.Pin3=PE5
Mcu.Pin30=PF12
Mcu.Pin31=PF13
Mcu.Pin32=PF14
Mcu.Pin33=PF15
Mcu.Pin34=PG0
Mcu.Pin35=PG1
Mcu.Pin36=PE7
Mcu.Pin37=PE8
Mcu.Pin38=PE9
Mcu.Pin39=PE10
Mcu.Pin4=PE6
Mcu.Pin40=PE11
Mcu.Pin41=PE12
Mcu.Pin42=PE13
Mcu.Pin43=PE14
Mcu.Pin44=PE15
Mcu.Pin45=PB10
Mcu.Pin46=PB11
Mcu.Pin47=PB12
Mcu.Pin48=PB13
Mcu.Pin49=PB14
Mcu.Pin5=PF0
Mcu.Pin50=PB15
Mcu.Pin51=PD8
Mcu.Pin52=PD9
Mcu.Pin53=PD10
Mcu.Pin54=PD11
Mcu.Pin55=PD12
Mcu.Pin56=PD13
Mcu.Pin57=PD14
Mcu.Pin58=PD15
Mcu.Pin59=PJ11
Mcu.Pin6=PF1
Mcu.Pin60=PK1
Mcu.Pin61=PK2
Mcu.Pin62=PG2
Mcu.Pin63=PG4
Mcu.Pin64=PG5
Mcu.Pin65=PG6
Mcu.Pin66=PG7
Mcu.Pin67=PG8
Mcu.Pin68=PC6
Mcu.Pin69=PC7
Mcu.Pin7=PF2
Mcu.Pin70=PC8
Mcu.Pin71=PA9
Mcu.Pin72=PA10
Mcu.Pin73=PA11
Mcu.Pin74=PA12
Mcu.Pin75=PA13 (JTMS/SWDIO)
Mcu.Pin76=PA14 (JTCK/SWCLK)
Mcu.Pin77=PC10
Mcu.Pin78=PC11
Mcu.Pin79=PD0
Mcu.Pin8=PF3
Mcu.Pin80=PD1
Mcu.Pin81=PD7
Mcu.Pin82=PG9
Mcu.Pin83=PG10
Mcu.Pin84=PG11
Mcu.Pin85=PG12
Mcu.Pin86=PG15
Mcu.Pin87=PB3 (JTDO/TRACESWO)
Mcu.Pin88=PB6
Mcu.Pin89=PB7
Mcu.Pin9=PF4
Mcu.Pin90=PE0
Mcu.Pin91=PE1
Mcu.Pin92=VP_SAI4_VP_$IpInstance_SAIA_SAI_BASIC
Mcu.Pin93=VP_SAI4_VP_$IpInstance_SAIB_SAI_BASIC
Mcu.Pin94=VP_SYS_VS_Systick
Mcu.Pin95=VP_SYS_M4_VS_Systick
Mcu.PinsNb=96
Mcu.ThirdPartyNb=0
Mcu.UserConstants=
Mcu.UserName=STM32H745IGTx
Mdma.MDMA_Channel0.Request0=SW
Mdma.MDMA_Channel0.RequestsNb=1
Mdma.MDMA_Channel0.SW.0.BlockCount=1
Mdma.MDMA_Channel0.SW.0.BlockDataLength=100
Mdma.MDMA_Channel0.SW.0.BufferTransferLength=1
Mdma.MDMA_Channel0.SW.0.CircularMode=MDMA_LINEAR_LIST
Mdma.MDMA_Channel0.SW.0.DataAlignment=MDMA_DATAALIGN_PACKENABLE
Mdma.MDMA_Channel0.SW.0.DestBlockAddressOffset=0
Mdma.MDMA_Channel0.SW.0.DestBurst=MDMA_DEST_BURST_SINGLE
Mdma.MDMA_Channel0.SW.0.DestDataSize=MDMA_DEST_DATASIZE_WORD
Mdma.MDMA_Channel0.SW.0.DestinationInc=MDMA_DEST_INC_WORD
Mdma.MDMA_Channel0.SW.0.DstAddress=0
Mdma.MDMA_Channel0.SW.0.Endianness=MDMA_LITTLE_ENDIANNESS_PRESERVE
Mdma.MDMA_Channel0.SW.0.Instance=MDMA_Channel0
Mdma.MDMA_Channel0.SW.0.MaskAddress=0
Mdma.MDMA_Channel0.SW.0.MaskData=0
Mdma.MDMA_Channel0.SW.0.Priority=MDMA_PRIORITY_MEDIUM
Mdma.MDMA_Channel0.SW.0.Rank=First
Mdma.MDMA_Channel0.SW.0.RequestParameters=Instance,CircularMode,TransferTriggerMode,Priority,Endianness,SourceInc,DestinationInc,SourceDataSize,DestDataSize,DataAlignment,BufferTransferLength,SourceBurst,DestBurst,SourceBlockAddressOffset,DestBlockAddressOffset,MaskAddress,MaskData,SrcAddress,DstAddress,BlockDataLength,BlockCount,Rank
Mdma.MDMA_Channel0.SW.0.SourceBlockAddressOffset=0
Mdma.MDMA_Channel0.SW.0.SourceBurst=MDMA_SOURCE_BURST_SINGLE
Mdma.MDMA_Channel0.SW.0.SourceDataSize=MDMA_SRC_DATASIZE_WORD
Mdma.MDMA_Channel0.SW.0.SourceInc=MDMA_SRC_INC_WORD
Mdma.MDMA_Channel0.SW.0.SrcAddress=0
Mdma.MDMA_Channel0.SW.0.TransferTriggerMode=MDMA_BLOCK_TRANSFER
Mdma.RequestSet0=MDMA_Channel0
Mdma.RequestSetsNb=1
MxCube.Version=6.1.1
MxDb.Version=DB.6.0.10
NVIC1.BDMA_Channel0_IRQn=true\:0\:0\:false\:false\:true\:false\:true
NVIC1.BDMA_Channel1_IRQn=true\:0\:0\:false\:false\:true\:false\:true
NVIC1.BDMA_Channel2_IRQn=true\:0\:0\:false\:false\:true\:false\:true
NVIC1.BusFault_IRQn=true\:0\:0\:false\:false\:true\:false\:false
NVIC1.DebugMonitor_IRQn=true\:0\:0\:false\:false\:true\:false\:false
NVIC1.ForceEnableDMAVector=true
NVIC1.HardFault_IRQn=true\:0\:0\:false\:false\:true\:false\:false
NVIC1.MemoryManagement_IRQn=true\:0\:0\:false\:false\:true\:false\:false
NVIC1.NonMaskableInt_IRQn=true\:0\:0\:false\:false\:true\:false\:false
NVIC1.PendSV_IRQn=true\:0\:0\:false\:false\:true\:false\:false
NVIC1.PriorityGroup=NVIC_PRIORITYGROUP_4
NVIC1.SPI6_IRQn=true\:0\:0\:false\:false\:true\:false\:true
NVIC1.SVCall_IRQn=true\:0\:0\:false\:false\:true\:false\:false
NVIC1.SysTick_IRQn=true\:0\:0\:false\:false\:true\:false\:true
NVIC1.UsageFault_IRQn=true\:0\:0\:false\:false\:true\:false\:false
NVIC2.BusFault_IRQn=true\:0\:0\:false\:false\:true\:false\:false
NVIC2.DebugMonitor_IRQn=true\:0\:0\:false\:false\:true\:false\:false
NVIC2.ForceEnableDMAVector=true
NVIC2.HardFault_IRQn=true\:0\:0\:false\:false\:true\:false\:false
NVIC2.MemoryManagement_IRQn=true\:0\:0\:false\:false\:true\:false\:false
NVIC2.NonMaskableInt_IRQn=true\:0\:0\:false\:false\:true\:false\:false
NVIC2.PendSV_IRQn=true\:0\:0\:false\:false\:true\:false\:false
NVIC2.PriorityGroup=NVIC_PRIORITYGROUP_4
NVIC2.SVCall_IRQn=true\:0\:0\:false\:false\:true\:false\:false
NVIC2.SysTick_IRQn=true\:0\:0\:false\:false\:true\:false\:true
NVIC2.UsageFault_IRQn=true\:0\:0\:false\:false\:true\:false\:false
PA0.GPIOParameters=GPIO_Label,PinAttribute
PA0.GPIO_Label=SELBUS_UART4_RX
PA0.Mode=Half_duplex(single_wire_mode)
PA0.PinAttribute=CortexM7
PA0.Signal=UART4_TX
PA10.GPIOParameters=PinAttribute
PA10.Mode=Asynchronous
PA10.PinAttribute=CortexM7
PA10.Signal=USART1_RX
PA11.GPIOParameters=PinAttribute
PA11.Mode=CTS_RTS
PA11.PinAttribute=CortexM7
PA11.Signal=USART1_CTS
PA12.GPIOParameters=PinAttribute
PA12.Mode=CTS_RTS
PA12.PinAttribute=CortexM7
PA12.Signal=USART1_RTS
PA13\ (JTMS/SWDIO).GPIOParameters=PinAttribute
PA13\ (JTMS/SWDIO).Mode=Trace_Asynchronous_SW
PA13\ (JTMS/SWDIO).PinAttribute=CortexM7
PA13\ (JTMS/SWDIO).Signal=DEBUG_JTMS-SWDIO
PA14\ (JTCK/SWCLK).GPIOParameters=PinAttribute
PA14\ (JTCK/SWCLK).Mode=Trace_Asynchronous_SW
PA14\ (JTCK/SWCLK).PinAttribute=CortexM7
PA14\ (JTCK/SWCLK).Signal=DEBUG_JTCK-SWCLK
PA4.GPIOParameters=PinAttribute
PA4.Mode=NSS_Signal_Hard_Output
PA4.PinAttribute=CortexM7
PA4.Signal=SPI6_NSS
PA5.GPIOParameters=PinAttribute
PA5.Mode=TX_Only_Simplex_Unidirect_Master
PA5.PinAttribute=CortexM7
PA5.Signal=SPI6_SCK
PA6.GPIOParameters=GPIO_Label,PinAttribute
PA6.GPIO_Label=SCREEN_DC
PA6.Locked=true
PA6.PinAttribute=Free
PA6.Signal=GPIO_Output
PA7.GPIOParameters=PinAttribute
PA7.Mode=TX_Only_Simplex_Unidirect_Master
PA7.PinAttribute=CortexM7
PA7.Signal=SPI6_MOSI
PA9.GPIOParameters=PinAttribute
PA9.Mode=Asynchronous
PA9.PinAttribute=CortexM7
PA9.Signal=USART1_TX
PB0.GPIOParameters=GPIO_Label,PinAttribute
PB0.GPIO_Label=POTSEL0
PB0.Locked=true
PB0.PinAttribute=Free
PB0.Signal=GPIO_Output
PB1.GPIOParameters=GPIO_Label,PinAttribute
PB1.GPIO_Label=POTSEL1
PB1.Locked=true
PB1.PinAttribute=Free
PB1.Signal=GPIO_Output
PB10.GPIOParameters=PinAttribute
PB10.Mode=Single Bank 1
PB10.PinAttribute=CortexM7
PB10.Signal=QUADSPI_BK1_NCS
PB11.GPIOParameters=GPIO_Label,PinAttribute
PB11.GPIO_Label=DAC_SPI2_CS2
PB11.Locked=true
PB11.PinAttribute=Free
PB11.Signal=GPIO_Output
PB12.GPIOParameters=PinAttribute
PB12.Locked=true
PB12.Mode=NSS_Signal_Hard_Output
PB12.PinAttribute=CortexM7
PB12.Signal=SPI2_NSS
PB13.GPIOParameters=PinAttribute
PB13.Locked=true
PB13.Mode=TX_Only_Simplex_Unidirect_Master
PB13.PinAttribute=CortexM7
PB13.Signal=SPI2_SCK
PB14.GPIOParameters=GPIO_Label,PinAttribute
PB14.GPIO_Label=DAC_LATCH
PB14.Locked=true
PB14.PinAttribute=Free
PB14.Signal=GPIO_Output
PB15.GPIOParameters=PinAttribute
PB15.Locked=true
PB15.Mode=TX_Only_Simplex_Unidirect_Master
PB15.PinAttribute=CortexM7
PB15.Signal=SPI2_MOSI
PB2.GPIOParameters=GPIO_Label,PinAttribute
PB2.GPIO_Label=POTSEL2
PB2.Locked=true
PB2.PinAttribute=Free
PB2.Signal=GPIO_Output
PB3\ (JTDO/TRACESWO).GPIOParameters=PinAttribute
PB3\ (JTDO/TRACESWO).Mode=Trace_Asynchronous_SW
PB3\ (JTDO/TRACESWO).PinAttribute=CortexM7
PB3\ (JTDO/TRACESWO).Signal=DEBUG_JTDO-SWO
PB6.GPIOParameters=PinAttribute
PB6.Mode=I2C
PB6.PinAttribute=CortexM7
PB6.Signal=I2C1_SCL
PB7.GPIOParameters=PinAttribute
PB7.Mode=I2C
PB7.PinAttribute=CortexM7
PB7.Signal=I2C1_SDA
PC0.GPIOParameters=PinAttribute
PC0.PinAttribute=CortexM7
PC0.Signal=FMC_SDNWE
PC10.GPIOParameters=GPIO_Label,PinAttribute
PC10.GPIO_Label=BUT1
PC10.Locked=true
PC10.PinAttribute=Free
PC10.Signal=GPIO_Input
PC11.GPIOParameters=GPIO_Label,PinAttribute
PC11.GPIO_Label=BUT2
PC11.Locked=true
PC11.PinAttribute=Free
PC11.Signal=GPIO_Input
PC2_C.GPIOParameters=PinAttribute
PC2_C.Mode=SdramChipSelect1_1
PC2_C.PinAttribute=CortexM7
PC2_C.Signal=FMC_SDNE0
PC3_C.GPIOParameters=PinAttribute
PC3_C.Mode=SdramChipSelect1_1
PC3_C.PinAttribute=CortexM7
PC3_C.Signal=FMC_SDCKE0
PC6.GPIOParameters=GPIO_Label,PinAttribute
PC6.GPIO_Label=ENC_BUT
PC6.Locked=true
PC6.PinAttribute=Free
PC6.Signal=GPIO_Input
PC7.GPIOParameters=GPIO_Label,PinAttribute
PC7.GPIO_Label=ENC_CW
PC7.Locked=true
PC7.PinAttribute=Free
PC7.Signal=GPIO_Input
PC8.GPIOParameters=GPIO_Label,PinAttribute
PC8.GPIO_Label=ENC_CCW
PC8.Locked=true
PC8.PinAttribute=Free
PC8.Signal=GPIO_Input
PD0.GPIOParameters=PinAttribute
PD0.PinAttribute=CortexM7
PD0.Signal=FMC_D2_DA2
PD1.GPIOParameters=PinAttribute
PD1.PinAttribute=CortexM7
PD1.Signal=FMC_D3_DA3
PD10.GPIOParameters=PinAttribute
PD10.PinAttribute=CortexM7
PD10.Signal=FMC_D15_DA15
PD11.GPIOParameters=GPIO_Label,PinAttribute
PD11.GPIO_Label=GPIO_INT
PD11.Locked=true
PD11.PinAttribute=Free
PD11.Signal=GPIO_Input
PD12.GPIOParameters=GPIO_Label,PinAttribute
PD12.GPIO_Label=JACK_CLKIN
PD12.Locked=true
PD12.PinAttribute=Free
PD12.Signal=GPIO_Input
PD13.GPIOParameters=GPIO_Label,PinAttribute
PD13.GPIO_Label=JACK_CLKOUT
PD13.Locked=true
PD13.PinAttribute=Free
PD13.Signal=GPIO_Input
PD14.GPIOParameters=PinAttribute
PD14.PinAttribute=CortexM7
PD14.Signal=FMC_D0_DA0
PD15.GPIOParameters=PinAttribute
PD15.PinAttribute=CortexM7
PD15.Signal=FMC_D1_DA1
PD7.GPIOParameters=PinAttribute
PD7.Mode=Full_Duplex_Master
PD7.PinAttribute=CortexM7
PD7.Signal=SPI1_MOSI
PD8.GPIOParameters=PinAttribute
PD8.PinAttribute=CortexM7
PD8.Signal=FMC_D13_DA13
PD9.GPIOParameters=PinAttribute
PD9.PinAttribute=CortexM7
PD9.Signal=FMC_D14_DA14
PE0.GPIOParameters=PinAttribute
PE0.PinAttribute=CortexM7
PE0.Signal=FMC_NBL0
PE1.GPIOParameters=PinAttribute
PE1.PinAttribute=CortexM7
PE1.Signal=FMC_NBL1
PE10.GPIOParameters=PinAttribute
PE10.PinAttribute=CortexM7
PE10.Signal=FMC_D7_DA7
PE11.GPIOParameters=PinAttribute
PE11.PinAttribute=CortexM7
PE11.Signal=FMC_D8_DA8
PE12.GPIOParameters=PinAttribute
PE12.PinAttribute=CortexM7
PE12.Signal=FMC_D9_DA9
PE13.GPIOParameters=PinAttribute
PE13.PinAttribute=CortexM7
PE13.Signal=FMC_D10_DA10
PE14.GPIOParameters=PinAttribute
PE14.PinAttribute=CortexM7
PE14.Signal=FMC_D11_DA11
PE15.GPIOParameters=PinAttribute
PE15.PinAttribute=CortexM7
PE15.Signal=FMC_D12_DA12
PE2.GPIOParameters=PinAttribute
PE2.Mode=SAI_A_MasterWithClock
PE2.PinAttribute=CortexM7
PE2.Signal=SAI4_MCLK_A
PE3.GPIOParameters=PinAttribute
PE3.Mode=SAI_B_SyncSlave
PE3.PinAttribute=CortexM7
PE3.Signal=SAI4_SD_B
PE4.GPIOParameters=PinAttribute
PE4.Mode=SAI_A_MasterWithClock
PE4.PinAttribute=CortexM7
PE4.Signal=SAI4_FS_A
PE5.GPIOParameters=PinAttribute
PE5.Mode=SAI_A_MasterWithClock
PE5.PinAttribute=CortexM7
PE5.Signal=SAI4_SCK_A
PE6.GPIOParameters=PinAttribute
PE6.Mode=SAI_A_MasterWithClock
PE6.PinAttribute=CortexM7
PE6.Signal=SAI4_SD_A
PE7.GPIOParameters=PinAttribute
PE7.PinAttribute=CortexM7
PE7.Signal=FMC_D4_DA4
PE8.GPIOParameters=PinAttribute
PE8.PinAttribute=CortexM7
PE8.Signal=FMC_D5_DA5
PE9.GPIOParameters=PinAttribute
PE9.PinAttribute=CortexM7
PE9.Signal=FMC_D6_DA6
PF0.GPIOParameters=PinAttribute
PF0.PinAttribute=CortexM7
PF0.Signal=FMC_A0
PF1.GPIOParameters=PinAttribute
PF1.PinAttribute=CortexM7
PF1.Signal=FMC_A1
PF10.GPIOParameters=PinAttribute
PF10.Mode=Single Bank 1
PF10.PinAttribute=CortexM7
PF10.Signal=QUADSPI_CLK
PF11.GPIOParameters=PinAttribute
PF11.PinAttribute=CortexM7
PF11.Signal=FMC_SDNRAS
PF12.GPIOParameters=PinAttribute
PF12.PinAttribute=CortexM7
PF12.Signal=FMC_A6
PF13.GPIOParameters=PinAttribute
PF13.PinAttribute=CortexM7
PF13.Signal=FMC_A7
PF14.GPIOParameters=PinAttribute
PF14.PinAttribute=CortexM7
PF14.Signal=FMC_A8
PF15.GPIOParameters=PinAttribute
PF15.PinAttribute=CortexM7
PF15.Signal=FMC_A9
PF2.GPIOParameters=PinAttribute
PF2.PinAttribute=CortexM7
PF2.Signal=FMC_A2
PF3.GPIOParameters=PinAttribute
PF3.PinAttribute=CortexM7
PF3.Signal=FMC_A3
PF4.GPIOParameters=PinAttribute
PF4.PinAttribute=CortexM7
PF4.Signal=FMC_A4
PF5.GPIOParameters=PinAttribute
PF5.PinAttribute=CortexM7
PF5.Signal=FMC_A5
PF6.GPIOParameters=PinAttribute
PF6.Mode=Single Bank 1
PF6.PinAttribute=CortexM7
PF6.Signal=QUADSPI_BK1_IO3
PF7.GPIOParameters=PinAttribute
PF7.Mode=Single Bank 1
PF7.PinAttribute=CortexM7
PF7.Signal=QUADSPI_BK1_IO2
PF8.GPIOParameters=PinAttribute
PF8.Mode=Single Bank 1
PF8.PinAttribute=CortexM7
PF8.Signal=QUADSPI_BK1_IO0
PF9.GPIOParameters=PinAttribute
PF9.Mode=Single Bank 1
PF9.PinAttribute=CortexM7
PF9.Signal=QUADSPI_BK1_IO1
PG0.GPIOParameters=PinAttribute
PG0.PinAttribute=CortexM7
PG0.Signal=FMC_A10
PG1.GPIOParameters=PinAttribute
PG1.PinAttribute=CortexM7
PG1.Signal=FMC_A11
PG10.GPIOParameters=GPIO_Label,PinAttribute
PG10.GPIO_Label=ADC_CS1
PG10.Locked=true
PG10.PinAttribute=Free
PG10.Signal=GPIO_Output
PG11.GPIOParameters=PinAttribute
PG11.Mode=Full_Duplex_Master
PG11.PinAttribute=CortexM7
PG11.Signal=SPI1_SCK
PG12.GPIOParameters=GPIO_Label,PinAttribute
PG12.GPIO_Label=ADC_CS2
PG12.Locked=true
PG12.PinAttribute=Free
PG12.Signal=GPIO_Output
PG15.GPIOParameters=PinAttribute
PG15.PinAttribute=CortexM7
PG15.Signal=FMC_SDNCAS
PG2.GPIOParameters=PinAttribute
PG2.PinAttribute=CortexM7
PG2.Signal=FMC_A12
PG4.GPIOParameters=PinAttribute
PG4.PinAttribute=CortexM7
PG4.Signal=FMC_A14_BA0
PG5.GPIOParameters=PinAttribute
PG5.PinAttribute=CortexM7
PG5.Signal=FMC_A15_BA1
PG6.GPIOParameters=GPIO_Label,PinAttribute
PG6.GPIO_Label=JACK_GATEIN1
PG6.Locked=true
PG6.PinAttribute=Free
PG6.Signal=GPIO_Input
PG7.GPIOParameters=GPIO_Label,PinAttribute
PG7.GPIO_Label=JACK_GATEIN2
PG7.Locked=true
PG7.PinAttribute=Free
PG7.Signal=GPIO_Output
PG8.GPIOParameters=PinAttribute
PG8.PinAttribute=CortexM7
PG8.Signal=FMC_SDCLK
PG9.GPIOParameters=PinAttribute
PG9.Locked=true
PG9.Mode=Full_Duplex_Master
PG9.PinAttribute=CortexM7
PG9.Signal=SPI1_MISO
PH0-OSC_IN\ (PH0).GPIOParameters=PinAttribute
PH0-OSC_IN\ (PH0).Mode=HSE-External-Oscillator
PH0-OSC_IN\ (PH0).PinAttribute=CortexM7
PH0-OSC_IN\ (PH0).Signal=RCC_OSC_IN
PH1-OSC_OUT\ (PH1).GPIOParameters=PinAttribute
PH1-OSC_OUT\ (PH1).Mode=HSE-External-Oscillator
PH1-OSC_OUT\ (PH1).PinAttribute=CortexM7
PH1-OSC_OUT\ (PH1).Signal=RCC_OSC_OUT
PJ11.GPIOParameters=GPIO_Label,PinAttribute
PJ11.GPIO_Label=DAC_LATCH
PJ11.Locked=true
PJ11.PinAttribute=Free
PJ11.Signal=GPIO_Output
PK1.GPIOParameters=GPIO_Label,PinAttribute
PK1.GPIO_Label=DAC_CS1
PK1.Locked=true
PK1.PinAttribute=Free
PK1.Signal=GPIO_Output
PK2.GPIOParameters=GPIO_Label,PinAttribute
PK2.GPIO_Label=DAC_CS2
PK2.Locked=true
PK2.PinAttribute=Free
PK2.Signal=GPIO_Output
PinOutPanel.RotationAngle=0
ProjectManager.AskForMigrate=true
ProjectManager.BackupPrevious=false
ProjectManager.BootMode=boot0
ProjectManager.CompilerOptimize=6
ProjectManager.ComputerToolchain=false
ProjectManager.CoupleFile=true
ProjectManager.CustomerFirmwarePackage=
ProjectManager.DefaultFWLocation=true
ProjectManager.DeletePrevious=true
ProjectManager.DeviceId=STM32H745IGTx
ProjectManager.FirmwarePackage=STM32Cube FW_H7 V1.8.0
ProjectManager.FreePins=false
ProjectManager.HalAssertFull=false
ProjectManager.HeapSize=0x200
ProjectManager.KeepUserCode=true
ProjectManager.LastFirmware=true
ProjectManager.LibraryCopy=1
ProjectManager.MainLocation=Core/Src
ProjectManager.NoMain=false
ProjectManager.PreviousToolchain=STM32CubeIDE
ProjectManager.ProjectBuild=false
ProjectManager.ProjectFileName=H745.ioc
ProjectManager.ProjectName=H745
ProjectManager.RegisterCallBack=
ProjectManager.StackSize=0x400
ProjectManager.TargetToolchain=STM32CubeIDE
ProjectManager.ToolChainLocation=
ProjectManager.UnderRoot=false
ProjectManager.functionlistsort=1-MX_GPIO_Init-GPIO-false-HAL-true-CortexM7,2-MX_BDMA_Init-BDMA-false-HAL-true-CortexM7,3-MX_MDMA_Init-MDMA-false-HAL-true-CortexM7,4-SystemClock_Config-RCC-false-HAL-false-CortexM7,5-MX_FMC_Init-FMC-false-HAL-true-CortexM7,6-MX_SAI4_Init-SAI4-false-HAL-true-CortexM7,7-MX_I2C1_Init-I2C1-false-HAL-true-CortexM7,8-MX_QUADSPI_Init-QUADSPI-false-HAL-true-CortexM7,9-MX_SPI1_Init-SPI1-false-HAL-true-CortexM7,10-MX_SPI2_Init-SPI2-false-HAL-true-CortexM7,11-MX_SPI6_Init-SPI6-false-HAL-true-CortexM7,12-MX_UART4_Init-UART4-false-HAL-true-CortexM7,13-MX_USART1_UART_Init-USART1-false-HAL-true-CortexM7,1-MX_BDMA_Init-BDMA-false-HAL-true-CortexM4,2-MX_MDMA_Init-MDMA-false-HAL-true-CortexM4,3-MX_I2C1_Init-I2C1-true-HAL-false-CortexM4,0-MX_CORTEX_M7_Init-CORTEX_M7-false-HAL-true-CortexM7,0-MX_CORTEX_M4_Init-CORTEX_M4-false-HAL-true-CortexM4
RCC.ADCFreq_Value=8960000
RCC.AHB12Freq_Value=240000000
RCC.AHB4Freq_Value=240000000
RCC.APB1Freq_Value=120000000
RCC.APB2Freq_Value=120000000
RCC.APB3Freq_Value=120000000
RCC.APB4Freq_Value=120000000
RCC.AXIClockFreq_Value=240000000
RCC.CECFreq_Value=32000
RCC.CKPERFreq_Value=64000000
RCC.CPU2Freq_Value=240000000
RCC.CPU2SystikFreq_Value=240000000
RCC.CortexFreq_Value=480000000
RCC.CpuClockFreq_Value=480000000
RCC.D1CPREFreq_Value=480000000
RCC.D1PPRE=RCC_APB3_DIV2
RCC.D2PPRE1=RCC_APB1_DIV2
RCC.D2PPRE2=RCC_APB2_DIV2
RCC.D3PPRE=RCC_APB4_DIV2
RCC.DFSDMACLkFreq_Value=480000000
RCC.DFSDMFreq_Value=120000000
RCC.DIVM1=1
RCC.DIVM2=1
RCC.DIVM3=1
RCC.DIVN1=60
RCC.DIVN2=14
RCC.DIVN3=49
RCC.DIVP1Freq_Value=480000000
RCC.DIVP2=25
RCC.DIVP2Freq_Value=8960000
RCC.DIVP3=64
RCC.DIVP3Freq_Value=12287994.384765625
RCC.DIVQ1Freq_Value=480000000
RCC.DIVQ2Freq_Value=112000000
RCC.DIVQ3Freq_Value=393215820.3125
RCC.DIVR1Freq_Value=480000000
RCC.DIVR2=1
RCC.DIVR2Freq_Value=224000000
RCC.DIVR3Freq_Value=393215820.3125
RCC.FDCANFreq_Value=480000000
RCC.FMCCLockSelection=RCC_FMCCLKSOURCE_PLL2
RCC.FMCFreq_Value=224000000
RCC.FamilyName=M
RCC.HCLK3ClockFreq_Value=240000000
RCC.HCLKFreq_Value=240000000
RCC.HPRE=RCC_HCLK_DIV2
RCC.HRTIMFreq_Value=240000000
RCC.HSE_VALUE=16000000
RCC.I2C123Freq_Value=120000000
RCC.I2C4Freq_Value=120000000
RCC.IPParameters=ADCFreq_Value,AHB12Freq_Value,AHB4Freq_Value,APB1Freq_Value,APB2Freq_Value,APB3Freq_Value,APB4Freq_Value,AXIClockFreq_Value,CECFreq_Value,CKPERFreq_Value,CPU2Freq_Value,CPU2SystikFreq_Value,CortexFreq_Value,CpuClockFreq_Value,D1CPREFreq_Value,D1PPRE,D2PPRE1,D2PPRE2,D3PPRE,DFSDMACLkFreq_Value,DFSDMFreq_Value,DIVM1,DIVM2,DIVM3,DIVN1,DIVN2,DIVN3,DIVP1Freq_Value,DIVP2,DIVP2Freq_Value,DIVP3,DIVP3Freq_Value,DIVQ1Freq_Value,DIVQ2Freq_Value,DIVQ3Freq_Value,DIVR1Freq_Value,DIVR2,DIVR2Freq_Value,DIVR3Freq_Value,FDCANFreq_Value,FMCCLockSelection,FMCFreq_Value,FamilyName,HCLK3ClockFreq_Value,HCLKFreq_Value,HPRE,HRTIMFreq_Value,HSE_VALUE,I2C123Freq_Value,I2C4Freq_Value,LPTIM1Freq_Value,LPTIM2Freq_Value,LPTIM345Freq_Value,LPUART1Freq_Value,LTDCFreq_Value,MCO1PinFreq_Value,MCO2PinFreq_Value,PLL2FRACN,PLL3FRACN,PLLFRACN,PLLSourceVirtual,QSPIFreq_Value,RNGFreq_Value,RTCFreq_Value,SAI1Freq_Value,SAI23Freq_Value,SAI4ACLockSelection,SAI4AFreq_Value,SAI4BCLockSelection,SAI4BFreq_Value,SDMMCFreq_Value,SPDIFRXFreq_Value,SPI123Freq_Value,SPI45Freq_Value,SPI6CLockSelection,SPI6Freq_Value,SWPMI1Freq_Value,SYSCLKFreq_VALUE,SYSCLKSource,Tim1OutputFreq_Value,Tim2OutputFreq_Value,TraceFreq_Value,USART16Freq_Value,USART234578Freq_Value,USBFreq_Value,VCO1OutputFreq_Value,VCO2OutputFreq_Value,VCO3OutputFreq_Value,VCOInput1Freq_Value,VCOInput2Freq_Value,VCOInput3Freq_Value
RCC.LPTIM1Freq_Value=120000000
RCC.LPTIM2Freq_Value=120000000
RCC.LPTIM345Freq_Value=120000000
RCC.LPUART1Freq_Value=120000000
RCC.LTDCFreq_Value=393215820.3125
RCC.MCO1PinFreq_Value=64000000
RCC.MCO2PinFreq_Value=480000000
RCC.PLL2FRACN=0
RCC.PLL3FRACN=1245
RCC.PLLFRACN=0
RCC.PLLSourceVirtual=RCC_PLLSOURCE_HSE
RCC.QSPIFreq_Value=240000000
RCC.RNGFreq_Value=48000000
RCC.RTCFreq_Value=32000
RCC.SAI1Freq_Value=480000000
RCC.SAI23Freq_Value=480000000
RCC.SAI4ACLockSelection=RCC_SAI4ACLKSOURCE_PLL3
RCC.SAI4AFreq_Value=12287994.384765625
RCC.SAI4BCLockSelection=RCC_SAI4BCLKSOURCE_PLL3
RCC.SAI4BFreq_Value=12287994.384765625
RCC.SDMMCFreq_Value=480000000
RCC.SPDIFRXFreq_Value=480000000
RCC.SPI123Freq_Value=480000000
RCC.SPI45Freq_Value=120000000
RCC.SPI6CLockSelection=RCC_SPI6CLKSOURCE_PLL2
RCC.SPI6Freq_Value=112000000
RCC.SWPMI1Freq_Value=120000000
RCC.SYSCLKFreq_VALUE=480000000
RCC.SYSCLKSource=RCC_SYSCLKSOURCE_PLLCLK
RCC.Tim1OutputFreq_Value=240000000
RCC.Tim2OutputFreq_Value=240000000
RCC.TraceFreq_Value=480000000
RCC.USART16Freq_Value=120000000
RCC.USART234578Freq_Value=120000000
RCC.USBFreq_Value=480000000
RCC.VCO1OutputFreq_Value=960000000
RCC.VCO2OutputFreq_Value=224000000
RCC.VCO3OutputFreq_Value=786431640.625
RCC.VCOInput1Freq_Value=16000000
RCC.VCOInput2Freq_Value=16000000
RCC.VCOInput3Freq_Value=16000000
SAI4.AudioFrequency-SAI_A_MasterWithClock=SAI_AUDIO_FREQUENCY_48K
SAI4.BasicDataSize-SAI_A_MasterWithClock=SAI_PROTOCOL_DATASIZE_24BIT
SAI4.BasicDataSize-SAI_B_SyncSlave=SAI_PROTOCOL_DATASIZE_24BIT
SAI4.ErrorAudioFreq-SAI_A_MasterWithClock=0.0 %
SAI4.IPParameters=Instance-SAI_A_MasterWithClock,VirtualMode-SAI_A_MasterWithClock,MClockEnable-SAI_A_MasterWithClock,RealAudioFreq-SAI_A_MasterWithClock,ErrorAudioFreq-SAI_A_MasterWithClock,InitProtocol-SAI_A_MasterWithClock,VirtualProtocol-SAI_A_BASIC,Instance-SAI_B_SyncSlave,VirtualMode-SAI_B_SyncSlave,BasicDataSize-SAI_A_MasterWithClock,AudioFrequency-SAI_A_MasterWithClock,InitProtocol-SAI_B_SyncSlave,VirtualProtocol-SAI_B_BASIC,BasicDataSize-SAI_B_SyncSlave
SAI4.InitProtocol-SAI_A_MasterWithClock=Enable
SAI4.InitProtocol-SAI_B_SyncSlave=Enable
SAI4.Instance-SAI_A_MasterWithClock=SAI$Index_Block_A
SAI4.Instance-SAI_B_SyncSlave=SAI$Index_Block_B
SAI4.MClockEnable-SAI_A_MasterWithClock=SAI_MASTERCLOCK_ENABLE
SAI4.RealAudioFreq-SAI_A_MasterWithClock=47.999 KHz
SAI4.VirtualMode-SAI_A_MasterWithClock=VM_MASTER
SAI4.VirtualMode-SAI_B_SyncSlave=VM_SLAVE
SAI4.VirtualProtocol-SAI_A_BASIC=VM_BASIC_PROTOCOL
SAI4.VirtualProtocol-SAI_B_BASIC=VM_BASIC_PROTOCOL
SH.FMC_A0.0=FMC_A0,13b-sda1
SH.FMC_A0.ConfNb=1
SH.FMC_A1.0=FMC_A1,13b-sda1
SH.FMC_A1.ConfNb=1
SH.FMC_A10.0=FMC_A10,13b-sda1
SH.FMC_A10.ConfNb=1
SH.FMC_A11.0=FMC_A11,13b-sda1
SH.FMC_A11.ConfNb=1
SH.FMC_A12.0=FMC_A12,13b-sda1
SH.FMC_A12.ConfNb=1
SH.FMC_A14_BA0.0=FMC_BA0,FourSdramBanks1
SH.FMC_A14_BA0.ConfNb=1
SH.FMC_A15_BA1.0=FMC_BA1,FourSdramBanks1
SH.FMC_A15_BA1.ConfNb=1
SH.FMC_A2.0=FMC_A2,13b-sda1
SH.FMC_A2.ConfNb=1
SH.FMC_A3.0=FMC_A3,13b-sda1
SH.FMC_A3.ConfNb=1
SH.FMC_A4.0=FMC_A4,13b-sda1
SH.FMC_A4.ConfNb=1
SH.FMC_A5.0=FMC_A5,13b-sda1
SH.FMC_A5.ConfNb=1
SH.FMC_A6.0=FMC_A6,13b-sda1
SH.FMC_A6.ConfNb=1
SH.FMC_A7.0=FMC_A7,13b-sda1
SH.FMC_A7.ConfNb=1
SH.FMC_A8.0=FMC_A8,13b-sda1
SH.FMC_A8.ConfNb=1
SH.FMC_A9.0=FMC_A9,13b-sda1
SH.FMC_A9.ConfNb=1
SH.FMC_D0_DA0.0=FMC_D0,sd-16b-d1
SH.FMC_D0_DA0.ConfNb=1
SH.FMC_D10_DA10.0=FMC_D10,sd-16b-d1
SH.FMC_D10_DA10.ConfNb=1
SH.FMC_D11_DA11.0=FMC_D11,sd-16b-d1
SH.FMC_D11_DA11.ConfNb=1
SH.FMC_D12_DA12.0=FMC_D12,sd-16b-d1
SH.FMC_D12_DA12.ConfNb=1
SH.FMC_D13_DA13.0=FMC_D13,sd-16b-d1
SH.FMC_D13_DA13.ConfNb=1
SH.FMC_D14_DA14.0=FMC_D14,sd-16b-d1
SH.FMC_D14_DA14.ConfNb=1
SH.FMC_D15_DA15.0=FMC_D15,sd-16b-d1
SH.FMC_D15_DA15.ConfNb=1
SH.FMC_D1_DA1.0=FMC_D1,sd-16b-d1
SH.FMC_D1_DA1.ConfNb=1
SH.FMC_D2_DA2.0=FMC_D2,sd-16b-d1
SH.FMC_D2_DA2.ConfNb=1
SH.FMC_D3_DA3.0=FMC_D3,sd-16b-d1
SH.FMC_D3_DA3.ConfNb=1
SH.FMC_D4_DA4.0=FMC_D4,sd-16b-d1
SH.FMC_D4_DA4.ConfNb=1
SH.FMC_D5_DA5.0=FMC_D5,sd-16b-d1
SH.FMC_D5_DA5.ConfNb=1
SH.FMC_D6_DA6.0=FMC_D6,sd-16b-d1
SH.FMC_D6_DA6.ConfNb=1
SH.FMC_D7_DA7.0=FMC_D7,sd-16b-d1
SH.FMC_D7_DA7.ConfNb=1
SH.FMC_D8_DA8.0=FMC_D8,sd-16b-d1
SH.FMC_D8_DA8.ConfNb=1
SH.FMC_D9_DA9.0=FMC_D9,sd-16b-d1
SH.FMC_D9_DA9.ConfNb=1
SH.FMC_NBL0.0=FMC_NBL0,Sd2ByteEnable1
SH.FMC_NBL0.ConfNb=1
SH.FMC_NBL1.0=FMC_NBL1,Sd2ByteEnable1
SH.FMC_NBL1.ConfNb=1
SH.FMC_SDCLK.0=FMC_SDCLK,13b-sda1
SH.FMC_SDCLK.ConfNb=1
SH.FMC_SDNCAS.0=FMC_SDNCAS,13b-sda1
SH.FMC_SDNCAS.ConfNb=1
SH.FMC_SDNRAS.0=FMC_SDNRAS,13b-sda1
SH.FMC_SDNRAS.ConfNb=1
SH.FMC_SDNWE.0=FMC_SDNWE,13b-sda1
SH.FMC_SDNWE.ConfNb=1
SPI1.BaudRatePrescaler=SPI_BAUDRATEPRESCALER_4
SPI1.CalculateBaudRate=120.0 MBits/s
SPI1.Direction=SPI_DIRECTION_2LINES
SPI1.IPParameters=VirtualType,Mode,Direction,CalculateBaudRate,BaudRatePrescaler
SPI1.Mode=SPI_MODE_MASTER
SPI1.VirtualType=VM_MASTER
SPI2.BaudRatePrescaler=SPI_BAUDRATEPRESCALER_4
SPI2.CalculateBaudRate=120.0 MBits/s
SPI2.Direction=SPI_DIRECTION_2LINES_TXONLY
SPI2.IPParameters=VirtualType,Mode,Direction,CalculateBaudRate,BaudRatePrescaler,VirtualNSS
SPI2.Mode=SPI_MODE_MASTER
SPI2.VirtualNSS=VM_NSSHARD
SPI2.VirtualType=VM_MASTER
SPI6.BaudRatePrescaler=SPI_BAUDRATEPRESCALER_2
SPI6.CalculateBaudRate=56.0 MBits/s
SPI6.DataSize=SPI_DATASIZE_8BIT
SPI6.Direction=SPI_DIRECTION_2LINES_TXONLY
SPI6.IPParameters=VirtualType,Mode,Direction,CalculateBaudRate,VirtualNSS,DataSize,BaudRatePrescaler
SPI6.Mode=SPI_MODE_MASTER
SPI6.VirtualNSS=VM_NSSHARD
SPI6.VirtualType=VM_MASTER
UART4.BaudRate=31250
UART4.IPParameters=SwapParam,BaudRate,Mode
UART4.Mode=MODE_RX
UART4.SwapParam=UART_ADVFEATURE_SWAP_ENABLE
USART1.IPParameters=VirtualMode-Asynchronous
USART1.VirtualMode-Asynchronous=VM_ASYNC
VP_SAI4_VP_$IpInstance_SAIA_SAI_BASIC.Mode=SAI_A_BASIC
VP_SAI4_VP_$IpInstance_SAIA_SAI_BASIC.Signal=SAI4_VP_$IpInstance_SAIA_SAI_BASIC
VP_SAI4_VP_$IpInstance_SAIB_SAI_BASIC.Mode=SAI_B_BASIC
VP_SAI4_VP_$IpInstance_SAIB_SAI_BASIC.Signal=SAI4_VP_$IpInstance_SAIB_SAI_BASIC
VP_SYS_M4_VS_Systick.Mode=SysTick
VP_SYS_M4_VS_Systick.Signal=SYS_M4_VS_Systick
VP_SYS_VS_Systick.Mode=SysTick
VP_SYS_VS_Systick.Signal=SYS_VS_Systick
board=custom
